
Microsoft Visual Studio Solution File, Format Version 12.00
# Visual Studio Version 17
VisualStudioVersion = 17.1.32328.378
MinimumVisualStudioVersion = 10.0.40219.1
Project("{54A90642-561A-4BB1-A94E-469ADEE60C69}") = "LindyCircleAngularNetCore", "LindyCircleAngularNetCore\LindyCircleAngularNetCore.esproj", "{5899AF01-1CD5-46F7-B511-FB837529FE58}"
	ProjectSection(ProjectDependencies) = postProject
		{D7A258A4-E613-4324-B5FA-9747C0D6DDCE} = {D7A258A4-E613-4324-B5FA-9747C0D6DDCE}
	EndProjectSection
EndProject
Project("{9A19103F-16F7-4668-BE54-9A1E7A4F7556}") = "LindyCircleNetCoreWebApi", "LindyCircleNetCoreWebApi\LindyCircleNetCoreWebApi.csproj", "{D7A258A4-E613-4324-B5FA-9747C0D6DDCE}"
EndProject
Project("{FAE04EC0-301F-11D3-BF4B-00C04F79EFBC}") = "EmailService", "EmailService\EmailService.csproj", "{A2D9DEBB-8B6F-4E14-BEAF-381D6C032B23}"
EndProject
Global
	GlobalSection(SolutionConfigurationPlatforms) = preSolution
		Debug|Any CPU = Debug|Any CPU
		Release|Any CPU = Release|Any CPU
	EndGlobalSection
	GlobalSection(ProjectConfigurationPlatforms) = postSolution
		{5899AF01-1CD5-46F7-B511-FB837529FE58}.Debug|Any CPU.ActiveCfg = Debug|Any CPU
		{5899AF01-1CD5-46F7-B511-FB837529FE58}.Debug|Any CPU.Build.0 = Debug|Any CPU
		{5899AF01-1CD5-46F7-B511-FB837529FE58}.Debug|Any CPU.Deploy.0 = Debug|Any CPU
		{5899AF01-1CD5-46F7-B511-FB837529FE58}.Release|Any CPU.ActiveCfg = Release|Any CPU
		{5899AF01-1CD5-46F7-B511-FB837529FE58}.Release|Any CPU.Build.0 = Release|Any CPU
		{5899AF01-1CD5-46F7-B511-FB837529FE58}.Release|Any CPU.Deploy.0 = Release|Any CPU
		{D7A258A4-E613-4324-B5FA-9747C0D6DDCE}.Debug|Any CPU.ActiveCfg = Debug|Any CPU
		{D7A258A4-E613-4324-B5FA-9747C0D6DDCE}.Debug|Any CPU.Build.0 = Debug|Any CPU
		{D7A258A4-E613-4324-B5FA-9747C0D6DDCE}.Release|Any CPU.ActiveCfg = Release|Any CPU
		{D7A258A4-E613-4324-B5FA-9747C0D6DDCE}.Release|Any CPU.Build.0 = Release|Any CPU
		{A2D9DEBB-8B6F-4E14-BEAF-381D6C032B23}.Debug|Any CPU.ActiveCfg = Debug|Any CPU
		{A2D9DEBB-8B6F-4E14-BEAF-381D6C032B23}.Debug|Any CPU.Build.0 = Debug|Any CPU
		{A2D9DEBB-8B6F-4E14-BEAF-381D6C032B23}.Release|Any CPU.ActiveCfg = Release|Any CPU
		{A2D9DEBB-8B6F-4E14-BEAF-381D6C032B23}.Release|Any CPU.Build.0 = Release|Any CPU
	EndGlobalSection
	GlobalSection(SolutionProperties) = preSolution
		HideSolutionNode = FALSE
	EndGlobalSection
	GlobalSection(ExtensibilityGlobals) = postSolution
		SolutionGuid = {9EE7F5BE-07CA-4F9D-B0BE-A02DA0794E90}
	EndGlobalSection
EndGlobal
